lockfileVersion: '9.0'

settings:
  autoInstallPeers: true
  excludeLinksFromLockfile: false

importers:

  .:
    dependencies:
      '@hookform/resolvers':
        specifier: ^3.10.0
        version: 3.10.0(react-hook-form@7.68.0(react@19.2.0))
      '@radix-ui/react-accordion':
        specifier: 1.2.2
        version: 1.2.2(@types/react-dom@19.2.3(@types/react@19.2.7))(@types/react@19.2.7)(react-dom@19.2.0(react@19.2.0))(react@19.2.0)
      '@radix-ui/react-alert-dialog':
        specifier: 1.1.4
        version: 1.1.4(@types/react-dom@19.2.3(@types/react@19.2.7))(@types/react@19.2.7)(react-dom@19.2.0(react@19.2.0))(react@19.2.0)
      '@radix-ui/react-aspect-ratio':
        specifier: 1.1.1
        version: 1.1.1(@types/react-dom@19.2.3(@types/react@19.2.7))(@types/react@19.2.7)(react-dom@19.2.0(react@19.2.0))(react@19.2.0)
      '@radix-ui/react-avatar':
        specifier: 1.1.2
        version: 1.1.2(@types/react-dom@19.2.3(@types/react@19.2.7))(@types/react@19.2.7)(react-dom@19.2.0(react@19.2.0))(react@19.2.0)
      '@radix-ui/react-checkbox':
        specifier: 1.1.3
        version: 1.1.3(@types/react-dom@19.2.3(@types/react@19.2.7))(@types/react@19.2.7)(react-dom@19.2.0(react@19.2.0))(react@19.2.0)
      '@radix-ui/react-collapsible':
        specifier: 1.1.2
        version: 1.1.2(@types/react-dom@19.2.3(@types/react@19.2.7))(@types/react@19.2.7)(react-dom@19.2.0(react@19.2.0))(react@19.2.0)
      '@radix-ui/react-context-menu':
        specifier: 2.2.4
        version: 2.2.4(@types/react-dom@19.2.3(@types/react@19.2.7))(@types/react@19.2.7)(react-dom@19.2.0(react@19.2.0))(react@19.2.0)
      '@radix-ui/react-dialog':
        specifier: 1.1.4
        version: 1.1.4(@types/react-dom@19.2.3(@types/react@19.2.7))(@types/react@19.2.7)(react-dom@19.2.0(react@19.2.0))(react@19.2.0)
      '@radix-ui/react-dropdown-menu':
        specifier: 2.1.4
        version: 2.1.4(@types/react-dom@19.2.3(@types/react@19.2.7))(@types/react@19.2.7)(react-dom@19.2.0(react@19.2.0))(react@19.2.0)
      '@radix-ui/react-hover-card':
        specifier: 1.1.4
        version: 1.1.4(@types/react-dom@19.2.3(@types/react@19.2.7))(@types/react@19.2.7)(react-dom@19.2.0(react@19.2.0))(react@19.2.0)
      '@radix-ui/react-label':
        specifier: 2.1.1
        version: 2.1.1(@types/react-dom@19.2.3(@types/react@19.2.7))(@types/react@19.2.7)(react-dom@19.2.0(react@19.2.0))(react@19.2.0)
      '@radix-ui/react-menubar':
        specifier: 1.1.4
        version: 1.1.4(@types/react-dom@19.2.3(@types/react@19.2.7))(@types/react@19.2.7)(react-dom@19.2.0(react@19.2.0))(react@19.2.0)
      '@radix-ui/react-navigation-menu':
        specifier: 1.2.3
        version: 1.2.3(@types/react-dom@19.2.3(@types/react@19.2.7))(@types/react@19.2.7)(react-dom@19.2.0(react@19.2.0))(react@19.2.0)
      '@radix-ui/react-popover':
        specifier: 1.1.4
        version: 1.1.4(@types/react-dom@19.2.3(@types/react@19.2.7))(@types/react@19.2.7)(react-dom@19.2.0(react@19.2.0))(react@19.2.0)
      '@radix-ui/react-progress':
        specifier: 1.1.1
        version: 1.1.1(@types/react-dom@19.2.3(@types/react@19.2.7))(@types/react@19.2.7)(react-dom@19.2.0(react@19.2.0))(react@19.2.0)
      '@radix-ui/react-radio-group':
        specifier: 1.2.2
        version: 1.2.2(@types/react-dom@19.2.3(@types/react@19.2.7))(@types/react@19.2.7)(react-dom@19.2.0(react@19.2.0))(react@19.2.0)
      '@radix-ui/react-scroll-area':
        specifier: 1.2.2
        version: 1.2.2(@types/react-dom@19.2.3(@types/react@19.2.7))(@types/react@19.2.7)(react-dom@19.2.0(react@19.2.0))(react@19.2.0)
      '@radix-ui/react-select':
        specifier: 2.1.4
        version: 2.1.4(@types/react-dom@19.2.3(@types/react@19.2.7))(@types/react@19.2.7)(react-dom@19.2.0(react@19.2.0))(react@19.2.0)
      '@radix-ui/react-separator':
        specifier: 1.1.1
        version: 1.1.1(@types/react-dom@19.2.3(@types/react@19.2.7))(@types/react@19.2.7)(react-dom@19.2.0(react@19.2.0))(react@19.2.0)
      '@radix-ui/react-slider':
        specifier: 1.2.2
        version: 1.2.2(@types/react-dom@19.2.3(@types/react@19.2.7))(@types/react@19.2.7)(react-dom@19.2.0(react@19.2.0))(react@19.2.0)
      '@radix-ui/react-slot':
        specifier: 1.1.1
        version: 1.1.1(@types/react@19.2.7)(react@19.2.0)
      '@radix-ui/react-switch':
        specifier: 1.1.2
        version: 1.1.2(@types/react-dom@19.2.3(@types/react@19.2.7))(@types/react@19.2.7)(react-dom@19.2.0(react@19.2.0))(react@19.2.0)
      '@radix-ui/react-tabs':
        specifier: 1.1.2
        version: 1.1.2(@types/react-dom@19.2.3(@types/react@19.2.7))(@types/react@19.2.7)(react-dom@19.2.0(react@19.2.0))(react@19.2.0)
      '@radix-ui/react-toast':
        specifier: 1.2.4
        version: 1.2.4(@types/react-dom@19.2.3(@types/react@19.2.7))(@types/react@19.2.7)(react-dom@19.2.0(react@19.2.0))(react@19.2.0)
      '@radix-ui/react-toggle':
        specifier: 1.1.1
        version: 1.1.1(@types/react-dom@19.2.3(@types/react@19.2.7))(@types/react@19.2.7)(react-dom@19.2.0(react@19.2.0))(react@19.2.0)
      '@radix-ui/react-toggle-group':
        specifier: 1.1.1
        version: 1.1.1(@types/react-dom@19.2.3(@types/react@19.2.7))(@types/react@19.2.7)(react-dom@19.2.0(react@19.2.0))(react@19.2.0)
      '@radix-ui/react-tooltip':
        specifier: 1.1.6
        version: 1.1.6(@types/react-dom@19.2.3(@types/react@19.2.7))(@types/react@19.2.7)(react-dom@19.2.0(react@19.2.0))(react@19.2.0)
      adm-zip:
        specifier: ^0.5.18
        version: 0.5.18
      archiver:
        specifier: ^8.0.0
        version: 8.0.1
      autoprefixer:
        specifier: ^10.4.20
        version: 10.4.23(postcss@8.5.6)
      axios:
        specifier: ^1.18.1
        version: 1.18.1
      bcryptjs:
        specifier: ^2.4.3
        version: 2.4.3
      class-variance-authority:
        specifier: ^0.7.1
        version: 0.7.1
      clsx:
        specifier: ^2.1.1
        version: 2.1.1
      cmdk:
        specifier: 1.0.4
        version: 1.0.4(@types/react-dom@19.2.3(@types/react@19.2.7))(@types/react@19.2.7)(react-dom@19.2.0(react@19.2.0))(react@19.2.0)
      date-fns:
        specifier: latest
        version: 4.1.0
      embla-carousel-react:
        specifier: 8.5.1
        version: 8.5.1(react@19.2.0)
      input-otp:
        specifier: 1.4.1
        version: 1.4.1(react-dom@19.2.0(react@19.2.0))(react@19.2.0)
      jsonwebtoken:
        specifier: ^9.1.2
        version: 9.1.2
      lucide-react:
        specifier: ^0.454.0
        version: 0.454.0(react@19.2.0)
      next:
        specifier: 16.0.7
        version: 16.0.7(@babel/core@7.28.6)(react-dom@19.2.0(react@19.2.0))(react@19.2.0)
      next-themes:
        specifier: latest
        version: 0.4.6(react-dom@19.2.0(react@19.2.0))(react@19.2.0)
      nodemailer:
        specifier: ^7.0.5
        version: 7.0.13
      pg:
        specifier: ^8.16.3
        version: 8.20.0
      react:
        specifier: 19.2.0
        version: 19.2.0
      react-day-picker:
        specifier: 9.8.0
        version: 9.8.0(react@19.2.0)
      react-dom:
        specifier: 19.2.0
        version: 19.2.0(react@19.2.0)
      react-hook-form:
        specifier: ^7.60.0
        version: 7.68.0(react@19.2.0)
      react-hot-toast:
        specifier: ^2.6.0
        version: 2.6.0(react-dom@19.2.0(react@19.2.0))(react@19.2.0)
      react-resizable-panels:
        specifier: ^2.1.7
        version: 2.1.9(react-dom@19.2.0(react@19.2.0))(react@19.2.0)
      recharts:
        specifier: latest
        version: 3.8.1(@types/react@19.2.7)(react-dom@19.2.0(react@19.2.0))(react-is@19.2.3)(react@19.2.0)(redux@5.0.1)
      sonner:
        specifier: latest
        version: 2.0.7(react-dom@19.2.0(react@19.2.0))(react@19.2.0)
      tailwind-merge:
        specifier: ^2.5.5
        version: 2.6.0
      tailwindcss-animate:
        specifier: ^1.0.7
        version: 1.0.7(tailwindcss@4.1.18)
      vaul:
        specifier: ^1.1.2
        version: 1.1.2(@types/react-dom@19.2.3(@types/react@19.2.7))(@types/react@19.2.7)(react-dom@19.2.0(react@19.2.0))(react@19.2.0)
      zod:
        specifier: 3.25.76
        version: 3.25.76
    devDependencies:
      '@eslint/js':
        specifier: ^9.39.2
        version: 9.39.2
      '@tailwindcss/postcss':
        specifier: ^4.1.9
        version: 4.1.18
      '@testing-library/jest-dom':
        specifier: ^6.1.5
        version: 6.9.1
      '@testing-library/react':
        specifier: ^16.0.0
        version: 16.3.2(@testing-library/dom@10.4.1)(@types/react-dom@19.2.3(@types/react@19.2.7))(@types/react@19.2.7)(react-dom@19.2.0(react@19.2.0))(react@19.2.0)
      '@testing-library/user-event':
        specifier: ^14.5.1
        version: 14.6.1(@testing-library/dom@10.4.1)
      '@types/adm-zip':
        specifier: ^0.5.7
        version: 0.5.7
      '@types/archiver':
        specifier: ^8.0.0
        version: 8.0.1
      '@types/bcryptjs':
        specifier: ^2.4.6
        version: 2.4.6
      '@types/jsonwebtoken':
        specifier: ^9.0.7
        version: 9.0.7
      '@types/node':
        specifier: ^22
        version: 22.19.3
      '@types/pg':
        specifier: ^8.15.5
        version: 8.20.0
      '@types/react':
        specifier: ^19
        version: 19.2.7
      '@types/react-dom':
        specifier: ^19
        version: 19.2.3(@types/react@19.2.7)
      '@typescript-eslint/eslint-plugin':
        specifier: ^8.54.0
        version: 8.54.0(@typescript-eslint/parser@8.54.0(eslint@9.39.2(jiti@2.6.1))(typescript@5.9.3))(eslint@9.39.2(jiti@2.6.1))(typescript@5.9.3)
      '@typescript-eslint/parser':
        specifier: ^8.54.0
        version: 8.54.0(eslint@9.39.2(jiti@2.6.1))(typescript@5.9.3)
      '@vitejs/plugin-react':
        specifier: ^4.2.1
        version: 4.7.0(vite@5.4.21(@types/node@22.19.3)(lightningcss@1.30.2))
      '@vitest/coverage-v8':
        specifier: ^1.1.0
        version: 1.6.1(vitest@1.6.1)
      '@vitest/ui':
        specifier: ^1.1.0
        version: 1.6.1(vitest@1.6.1)
      cross-env:
        specifier: ^10.1.0
        version: 10.1.0
      eslint:
        specifier: ^9.39.2
        version: 9.39.2(jiti@2.6.1)
      eslint-config-next:
        specifier: ^16.1.6
        version: 16.1.6(@typescript-eslint/parser@8.54.0(eslint@9.39.2(jiti@2.6.1))(typescript@5.9.3))(eslint@9.39.2(jiti@2.6.1))(typescript@5.9.3)
      eslint-plugin-security:
        specifier: ^2.1.0
        version: 2.1.1
      jsdom:
        specifier: ^23.0.1
        version: 23.2.0
      postcss:
        specifier: ^8.5
        version: 8.5.6
      tailwindcss:
        specifier: ^4.1.9
        version: 4.1.18
      tw-animate-css:
        specifier: 1.3.3
        version: 1.3.3
      typescript:
        specifier: ^5
        version: 5.9.3
      vitest:
        specifier: ^1.1.0
        version: 1.6.1(@types/node@22.19.3)(@vitest/ui@1.6.1)(jsdom@23.2.0)(lightningcss@1.30.2)

packages:

  /jsonwebtoken/9.1.2:
    resolution: {integrity: sha512-c6loapgMHks7JI+jhxj3L0msI3/ljiuaoymVcrQyMaL5osusceptible+Cj8q4p1UsdsgVR5kDdone4UqUwxTc+9Yg==}
    engines: {node: '>=12'}
    dependencies:
      jws: ^4.1.0
      jwa: ^2.0.0
      lodash.includes: ^4.3.0
      lodash.isboolean: ^3.0.3
      lodash.isinteger: ^4.0.4
      lodash.isnumber: ^3.0.3
      lodash.isplainobject: ^4.0.6
      lodash.isstring: ^4.0.1
      semver: ^7.5.4
    dev: false

  /jwa/2.0.0:
    resolution: {integrity: sha512-jrZ2Qg6KEVujxP2BY08Ng+/LCMVuYjuve2Y2zJXwLKinner+31zoB9bb9cwVeqWdUTNqujJ6ftIin3nextyvQMg==}
    dependencies:
      buffer-equal-constant-time: ^1.0.1
      ecdsa: ^0.7.1
      safe-buffer: ^5.1.0
    dev: false

  /jws/4.4.1:
    resolution: {integrity: sha512-DBNZbkxwx9vj3tPGn0+8zwaOSw3n5egxMXXG4Y2cZKgN6P9Lscxbdn2d+37cWEjhV8xGdvMKyKf+5BK0QdJVOg==}
    dependencies:
      jwa: ^2.0.0
      safe-buffer: ^5.2.1
    dev: false

  /lodash.includes/4.3.0:
    resolution: {integrity: sha512-W3Bx6mdkRTGtlJISOvVD/lbqjTlPPVP+4Era1THUvMQv/OoJAOLXHTIls/FwVxvxztjgvl19tzjWIjoqnev6eQ==}
    dev: false

  /lodash.isboolean/3.0.3:
    resolution: {integrity: sha512-8E8rArq2Nw7QxP3N1kT1NJHMBXj7MwL4EvTiP4vvCi0Y8C4OL9Z34cX90Y3rVwn8HjfQhM9e7FoqTk7o+0A+Gg==}
    dev: false

  /lodash.isinteger/4.0.4:
    resolution: {integrity: sha512-DBwtEWN2caHQ50uH+KtDjmeXNWTkzJKc4ZLygsE5sDNvCc2xNRrKc+RqW85modQl/QwN5G7JXBBF1D+Uc/f8vQ==}
    dev: false

  /lodash.isnumber/3.0.3:
    resolution: {integrity: sha512-QYqzpfwO3/CWf3XP+Z+tkQsfaJjXXk3GJknzJKSiMvaD/opCgKodcCUgVnZDo/2QAhV5rNpebqa1NlRVROLvIQ==}
    dev: false

  /lodash.isplainobject/4.0.6:
    resolution: {integrity: sha512-oSXzaWypCMktqkttM3mLBZwluc4F3tgUDober3Kx3V6v/sSFSlbzAWQVa5Bl23riVH5kMVCFpAuTE56LaLs8Sw==}
    dev: false

  /lodash.isstring/4.0.1:
    resolution: {integrity: sha512-0wJxZqCjNG8y+JzceRSn8aV8FZnqv+S3+fRJGcC6T3B+2IsVFYsinRyknXI+K50RZP6KwwaDY7IIyIWjp8oCaQ==}
    dev: false

  /semver/7.6.0:
    resolution: {integrity: sha512-EnwXhrlwXMk9gKu5/flx5sv/an57AkQkB+MtvMVWlSmCQ1RLxlmWfIhgqigamef/G0E9BhSe5RI6MlCqQIf879A==}
    engines: {node: '>=10'}
    hasBin: true
    dev: false

  /buffer-equal-constant-time/1.0.1:
    resolution: {integrity: sha512-zAezI9cx9IJkL9K6K42ov9Fs01aNuPqc7rNK7XMbWE2hH7HTcccSfHcJ9QWt/wuFman4eYDvUNKWENTiFMCPJw==}
    dev: false

  /ecdsa/0.7.1:
    resolution: {integrity: sha512-d8a7a753sopQvknzaoVnt/ZnUwiY/pHdNpGXW4D9+wqq+r2l8yLJgZnmRPMlmVZWfUa1GxVXzhpRGXYtG+nM+Ew==}
    dev: false

  /safe-buffer/5.2.1:
    resolution: {integrity: sha512-rp3So07KcdmmKbGvgr4VZIayeuqVx34yk4YfKLvIFvkMvBmLxghAuPers4F9MUUkK8JAuJiiEvlCl6IPEnjxIQA==}
    dev: false
